
Microsoft Visual Studio Solution File, Format Version 12.00
# Visual Studio Version 17
VisualStudioVersion = 17.13.35818.85
MinimumVisualStudioVersion = 10.0.40219.1
Project("{FAE04EC0-301F-11D3-BF4B-00C04F79EFBC}") = "MyLoginApp", "MyLoginApp.csproj", "{90667FA9-30B3-4076-83F9-5DB1D81A4B13}"
EndProject
Project("{2150E333-8FDC-42A3-9474-1A3956D46DE8}") = "Solution Items", "Solution Items", "{8EC462FD-D22E-90A8-E5CE-7E832BA40C5D}"
	ProjectSection(SolutionItems) = preProject
		app.ico = app.ico
	EndProjectSection
EndProject
Global
	GlobalSection(SolutionConfigurationPlatforms) = preSolution
		Debug|Any CPU = Debug|Any CPU
		Release|Any CPU = Release|Any CPU
	EndGlobalSection
	GlobalSection(ProjectConfigurationPlatforms) = postSolution
		{90667FA9-30B3-4076-83F9-5DB1D81A4B13}.Debug|Any CPU.ActiveCfg = Debug|Any CPU
		{90667FA9-30B3-4076-83F9-5DB1D81A4B13}.Debug|Any CPU.Build.0 = Debug|Any CPU
		{90667FA9-30B3-4076-83F9-5DB1D81A4B13}.Release|Any CPU.ActiveCfg = Release|Any CPU
		{90667FA9-30B3-4076-83F9-5DB1D81A4B13}.Release|Any CPU.Build.0 = Release|Any CPU
	EndGlobalSection
	GlobalSection(SolutionProperties) = preSolution
		HideSolutionNode = FALSE
	EndGlobalSection
	GlobalSection(ExtensibilityGlobals) = postSolution
		SolutionGuid = {DFBC763B-87B8-4876-8498-1E0DBD1D0700}
	EndGlobalSection
EndGlobal
